
Microsoft Visual Studio Solution File, Format Version 12.00
# Visual Studio 15
VisualStudioVersion = 15.0.28307.645
MinimumVisualStudioVersion = 10.0.40219.1
Project("{FAE04EC0-301F-11D3-BF4B-00C04F79EFBC}") = "OOP13", "OOP13\OOP13.csproj", "{F52C967B-769D-4DC1-8D82-FB037B101575}"
EndProject
Global
	GlobalSection(SolutionConfigurationPlatforms) = preSolution
		Debug|Any CPU = Debug|Any CPU
		Release|Any CPU = Release|Any CPU
	EndGlobalSection
	GlobalSection(ProjectConfigurationPlatforms) = postSolution
		{F52C967B-769D-4DC1-8D82-FB037B101575}.Debug|Any CPU.ActiveCfg = Debug|Any CPU
		{F52C967B-769D-4DC1-8D82-FB037B101575}.Debug|Any CPU.Build.0 = Debug|Any CPU
		{F52C967B-769D-4DC1-8D82-FB037B101575}.Release|Any CPU.ActiveCfg = Release|Any CPU
		{F52C967B-769D-4DC1-8D82-FB037B101575}.Release|Any CPU.Build.0 = Release|Any CPU
	EndGlobalSection
	GlobalSection(SolutionProperties) = preSolution
		HideSolutionNode = FALSE
	EndGlobalSection
	GlobalSection(ExtensibilityGlobals) = postSolution
		SolutionGuid = {59CD37B2-0F91-49A4-A5C6-353B7AEFCFBF}
	EndGlobalSection
EndGlobal
